
Microsoft Visual Studio Solution File, Format Version 12.00
# Visual Studio Version 17
VisualStudioVersion = 17.0.31903.59
MinimumVisualStudioVersion = 10.0.40219.1
Project("{2150E333-8FDC-42A3-9474-1A3956D46DE8}") = "src", "src", "{827E0CD3-B72D-47B6-A68D-7590B98EB39B}"
EndProject
Project("{2150E333-8FDC-42A3-9474-1A3956D46DE8}") = "tests", "tests", "{0AB3BF05-4346-4AA6-1389-037BE0695223}"
EndProject
Project("{FAE04EC0-301F-11D3-BF4B-00C04F79EFBC}") = "Andy.Llm", "src\Andy.Llm\Andy.Llm.csproj", "{A2A16336-3C80-47EA-8787-099932D09561}"
EndProject
Project("{FAE04EC0-301F-11D3-BF4B-00C04F79EFBC}") = "Andy.Llm.Tests", "tests\Andy.Llm.Tests\Andy.Llm.Tests.csproj", "{A2F220CA-899A-46FC-8F38-EA9B8FBFE2FF}"
EndProject
Project("{2150E333-8FDC-42A3-9474-1A3956D46DE8}") = "examples", "examples", "{B36A84DF-456D-A817-6EDD-3EC3E7F6E11F}"
EndProject
Project("{FAE04EC0-301F-11D3-BF4B-00C04F79EFBC}") = "SimpleCompletion", "examples\SimpleCompletion\SimpleCompletion.csproj", "{A83E856F-CF90-449A-903B-26D5681D9533}"
EndProject
Project("{FAE04EC0-301F-11D3-BF4B-00C04F79EFBC}") = "ConversationChat", "examples\ConversationChat\ConversationChat.csproj", "{15F9E0FC-8F4A-4C5F-AAEF-E8F220E7D641}"
EndProject
Project("{FAE04EC0-301F-11D3-BF4B-00C04F79EFBC}") = "FunctionCalling", "examples\FunctionCalling\FunctionCalling.csproj", "{329925E3-5F83-4BC0-A158-FA09E1D78F89}"
EndProject
Project("{FAE04EC0-301F-11D3-BF4B-00C04F79EFBC}") = "Streaming", "examples\Streaming\Streaming.csproj", "{100CCD61-BAD5-486A-AB2B-68C5E184EC2C}"
EndProject
Project("{FAE04EC0-301F-11D3-BF4B-00C04F79EFBC}") = "Telemetry", "examples\Telemetry\Telemetry.csproj", "{F8BA8091-4988-42A1-99C7-365F6197CDAE}"
EndProject
Project("{FAE04EC0-301F-11D3-BF4B-00C04F79EFBC}") = "MultiProvider", "examples\MultiProvider\MultiProvider.csproj", "{4386872E-1C11-4785-A64E-5200749FACA2}"
EndProject
Project("{FAE04EC0-301F-11D3-BF4B-00C04F79EFBC}") = "AzureOpenAI", "examples\AzureOpenAI\AzureOpenAI.csproj", "{9424BBED-5308-435C-8E4B-F546A8C353A8}"
EndProject
Project("{FAE04EC0-301F-11D3-BF4B-00C04F79EFBC}") = "Ollama", "examples\Ollama\Ollama.csproj", "{67F905C8-590A-4A33-A63B-9428933E4839}"
EndProject
Global
	GlobalSection(SolutionConfigurationPlatforms) = preSolution
		Debug|Any CPU = Debug|Any CPU
		Debug|x64 = Debug|x64
		Debug|x86 = Debug|x86
		Release|Any CPU = Release|Any CPU
		Release|x64 = Release|x64
		Release|x86 = Release|x86
	EndGlobalSection
	GlobalSection(ProjectConfigurationPlatforms) = postSolution
		{A2A16336-3C80-47EA-8787-099932D09561}.Debug|Any CPU.ActiveCfg = Debug|Any CPU
		{A2A16336-3C80-47EA-8787-099932D09561}.Debug|Any CPU.Build.0 = Debug|Any CPU
		{A2A16336-3C80-47EA-8787-099932D09561}.Debug|x64.ActiveCfg = Debug|Any CPU
		{A2A16336-3C80-47EA-8787-099932D09561}.Debug|x64.Build.0 = Debug|Any CPU
		{A2A16336-3C80-47EA-8787-099932D09561}.Debug|x86.ActiveCfg = Debug|Any CPU
		{A2A16336-3C80-47EA-8787-099932D09561}.Debug|x86.Build.0 = Debug|Any CPU
		{A2A16336-3C80-47EA-8787-099932D09561}.Release|Any CPU.ActiveCfg = Release|Any CPU
		{A2A16336-3C80-47EA-8787-099932D09561}.Release|Any CPU.Build.0 = Release|Any CPU
		{A2A16336-3C80-47EA-8787-099932D09561}.Release|x64.ActiveCfg = Release|Any CPU
		{A2A16336-3C80-47EA-8787-099932D09561}.Release|x64.Build.0 = Release|Any CPU
		{A2A16336-3C80-47EA-8787-099932D09561}.Release|x86.ActiveCfg = Release|Any CPU
		{A2A16336-3C80-47EA-8787-099932D09561}.Release|x86.Build.0 = Release|Any CPU
		{A2F220CA-899A-46FC-8F38-EA9B8FBFE2FF}.Debug|Any CPU.ActiveCfg = Debug|Any CPU
		{A2F220CA-899A-46FC-8F38-EA9B8FBFE2FF}.Debug|Any CPU.Build.0 = Debug|Any CPU
		{A2F220CA-899A-46FC-8F38-EA9B8FBFE2FF}.Debug|x64.ActiveCfg = Debug|Any CPU
		{A2F220CA-899A-46FC-8F38-EA9B8FBFE2FF}.Debug|x64.Build.0 = Debug|Any CPU
		{A2F220CA-899A-46FC-8F38-EA9B8FBFE2FF}.Debug|x86.ActiveCfg = Debug|Any CPU
		{A2F220CA-899A-46FC-8F38-EA9B8FBFE2FF}.Debug|x86.Build.0 = Debug|Any CPU
		{A2F220CA-899A-46FC-8F38-EA9B8FBFE2FF}.Release|Any CPU.ActiveCfg = Release|Any CPU
		{A2F220CA-899A-46FC-8F38-EA9B8FBFE2FF}.Release|Any CPU.Build.0 = Release|Any CPU
		{A2F220CA-899A-46FC-8F38-EA9B8FBFE2FF}.Release|x64.ActiveCfg = Release|Any CPU
		{A2F220CA-899A-46FC-8F38-EA9B8FBFE2FF}.Release|x64.Build.0 = Release|Any CPU
		{A2F220CA-899A-46FC-8F38-EA9B8FBFE2FF}.Release|x86.ActiveCfg = Release|Any CPU
		{A2F220CA-899A-46FC-8F38-EA9B8FBFE2FF}.Release|x86.Build.0 = Release|Any CPU
		{A83E856F-CF90-449A-903B-26D5681D9533}.Debug|Any CPU.ActiveCfg = Debug|Any CPU
		{A83E856F-CF90-449A-903B-26D5681D9533}.Debug|Any CPU.Build.0 = Debug|Any CPU
		{A83E856F-CF90-449A-903B-26D5681D9533}.Debug|x64.ActiveCfg = Debug|Any CPU
		{A83E856F-CF90-449A-903B-26D5681D9533}.Debug|x64.Build.0 = Debug|Any CPU
		{A83E856F-CF90-449A-903B-26D5681D9533}.Debug|x86.ActiveCfg = Debug|Any CPU
		{A83E856F-CF90-449A-903B-26D5681D9533}.Debug|x86.Build.0 = Debug|Any CPU
		{A83E856F-CF90-449A-903B-26D5681D9533}.Release|Any CPU.ActiveCfg = Release|Any CPU
		{A83E856F-CF90-449A-903B-26D5681D9533}.Release|Any CPU.Build.0 = Release|Any CPU
		{A83E856F-CF90-449A-903B-26D5681D9533}.Release|x64.ActiveCfg = Release|Any CPU
		{A83E856F-CF90-449A-903B-26D5681D9533}.Release|x64.Build.0 = Release|Any CPU
		{A83E856F-CF90-449A-903B-26D5681D9533}.Release|x86.ActiveCfg = Release|Any CPU
		{A83E856F-CF90-449A-903B-26D5681D9533}.Release|x86.Build.0 = Release|Any CPU
		{15F9E0FC-8F4A-4C5F-AAEF-E8F220E7D641}.Debug|Any CPU.ActiveCfg = Debug|Any CPU
		{15F9E0FC-8F4A-4C5F-AAEF-E8F220E7D641}.Debug|Any CPU.Build.0 = Debug|Any CPU
		{15F9E0FC-8F4A-4C5F-AAEF-E8F220E7D641}.Debug|x64.ActiveCfg = Debug|Any CPU
		{15F9E0FC-8F4A-4C5F-AAEF-E8F220E7D641}.Debug|x64.Build.0 = Debug|Any CPU
		{15F9E0FC-8F4A-4C5F-AAEF-E8F220E7D641}.Debug|x86.ActiveCfg = Debug|Any CPU
		{15F9E0FC-8F4A-4C5F-AAEF-E8F220E7D641}.Debug|x86.Build.0 = Debug|Any CPU
		{15F9E0FC-8F4A-4C5F-AAEF-E8F220E7D641}.Release|Any CPU.ActiveCfg = Release|Any CPU
		{15F9E0FC-8F4A-4C5F-AAEF-E8F220E7D641}.Release|Any CPU.Build.0 = Release|Any CPU
		{15F9E0FC-8F4A-4C5F-AAEF-E8F220E7D641}.Release|x64.ActiveCfg = Release|Any CPU
		{15F9E0FC-8F4A-4C5F-AAEF-E8F220E7D641}.Release|x64.Build.0 = Release|Any CPU
		{15F9E0FC-8F4A-4C5F-AAEF-E8F220E7D641}.Release|x86.ActiveCfg = Release|Any CPU
		{15F9E0FC-8F4A-4C5F-AAEF-E8F220E7D641}.Release|x86.Build.0 = Release|Any CPU
		{329925E3-5F83-4BC0-A158-FA09E1D78F89}.Debug|Any CPU.ActiveCfg = Debug|Any CPU
		{329925E3-5F83-4BC0-A158-FA09E1D78F89}.Debug|Any CPU.Build.0 = Debug|Any CPU
		{329925E3-5F83-4BC0-A158-FA09E1D78F89}.Debug|x64.ActiveCfg = Debug|Any CPU
		{329925E3-5F83-4BC0-A158-FA09E1D78F89}.Debug|x64.Build.0 = Debug|Any CPU
		{329925E3-5F83-4BC0-A158-FA09E1D78F89}.Debug|x86.ActiveCfg = Debug|Any CPU
		{329925E3-5F83-4BC0-A158-FA09E1D78F89}.Debug|x86.Build.0 = Debug|Any CPU
		{329925E3-5F83-4BC0-A158-FA09E1D78F89}.Release|Any CPU.ActiveCfg = Release|Any CPU
		{329925E3-5F83-4BC0-A158-FA09E1D78F89}.Release|Any CPU.Build.0 = Release|Any CPU
		{329925E3-5F83-4BC0-A158-FA09E1D78F89}.Release|x64.ActiveCfg = Release|Any CPU
		{329925E3-5F83-4BC0-A158-FA09E1D78F89}.Release|x64.Build.0 = Release|Any CPU
		{329925E3-5F83-4BC0-A158-FA09E1D78F89}.Release|x86.ActiveCfg = Release|Any CPU
		{329925E3-5F83-4BC0-A158-FA09E1D78F89}.Release|x86.Build.0 = Release|Any CPU
		{100CCD61-BAD5-486A-AB2B-68C5E184EC2C}.Debug|Any CPU.ActiveCfg = Debug|Any CPU
		{100CCD61-BAD5-486A-AB2B-68C5E184EC2C}.Debug|Any CPU.Build.0 = Debug|Any CPU
		{100CCD61-BAD5-486A-AB2B-68C5E184EC2C}.Debug|x64.ActiveCfg = Debug|Any CPU
		{100CCD61-BAD5-486A-AB2B-68C5E184EC2C}.Debug|x64.Build.0 = Debug|Any CPU
		{100CCD61-BAD5-486A-AB2B-68C5E184EC2C}.Debug|x86.ActiveCfg = Debug|Any CPU
		{100CCD61-BAD5-486A-AB2B-68C5E184EC2C}.Debug|x86.Build.0 = Debug|Any CPU
		{100CCD61-BAD5-486A-AB2B-68C5E184EC2C}.Release|Any CPU.ActiveCfg = Release|Any CPU
		{100CCD61-BAD5-486A-AB2B-68C5E184EC2C}.Release|Any CPU.Build.0 = Release|Any CPU
		{100CCD61-BAD5-486A-AB2B-68C5E184EC2C}.Release|x64.ActiveCfg = Release|Any CPU
		{100CCD61-BAD5-486A-AB2B-68C5E184EC2C}.Release|x64.Build.0 = Release|Any CPU
		{100CCD61-BAD5-486A-AB2B-68C5E184EC2C}.Release|x86.ActiveCfg = Release|Any CPU
		{100CCD61-BAD5-486A-AB2B-68C5E184EC2C}.Release|x86.Build.0 = Release|Any CPU
		{F8BA8091-4988-42A1-99C7-365F6197CDAE}.Debug|Any CPU.ActiveCfg = Debug|Any CPU
		{F8BA8091-4988-42A1-99C7-365F6197CDAE}.Debug|Any CPU.Build.0 = Debug|Any CPU
		{F8BA8091-4988-42A1-99C7-365F6197CDAE}.Debug|x64.ActiveCfg = Debug|Any CPU
		{F8BA8091-4988-42A1-99C7-365F6197CDAE}.Debug|x64.Build.0 = Debug|Any CPU
		{F8BA8091-4988-42A1-99C7-365F6197CDAE}.Debug|x86.ActiveCfg = Debug|Any CPU
		{F8BA8091-4988-42A1-99C7-365F6197CDAE}.Debug|x86.Build.0 = Debug|Any CPU
		{F8BA8091-4988-42A1-99C7-365F6197CDAE}.Release|Any CPU.ActiveCfg = Release|Any CPU
		{F8BA8091-4988-42A1-99C7-365F6197CDAE}.Release|Any CPU.Build.0 = Release|Any CPU
		{F8BA8091-4988-42A1-99C7-365F6197CDAE}.Release|x64.ActiveCfg = Release|Any CPU
		{F8BA8091-4988-42A1-99C7-365F6197CDAE}.Release|x64.Build.0 = Release|Any CPU
		{F8BA8091-4988-42A1-99C7-365F6197CDAE}.Release|x86.ActiveCfg = Release|Any CPU
		{F8BA8091-4988-42A1-99C7-365F6197CDAE}.Release|x86.Build.0 = Release|Any CPU
		{4386872E-1C11-4785-A64E-5200749FACA2}.Debug|Any CPU.ActiveCfg = Debug|Any CPU
		{4386872E-1C11-4785-A64E-5200749FACA2}.Debug|Any CPU.Build.0 = Debug|Any CPU
		{4386872E-1C11-4785-A64E-5200749FACA2}.Debug|x64.ActiveCfg = Debug|Any CPU
		{4386872E-1C11-4785-A64E-5200749FACA2}.Debug|x64.Build.0 = Debug|Any CPU
		{4386872E-1C11-4785-A64E-5200749FACA2}.Debug|x86.ActiveCfg = Debug|Any CPU
		{4386872E-1C11-4785-A64E-5200749FACA2}.Debug|x86.Build.0 = Debug|Any CPU
		{4386872E-1C11-4785-A64E-5200749FACA2}.Release|Any CPU.ActiveCfg = Release|Any CPU
		{4386872E-1C11-4785-A64E-5200749FACA2}.Release|Any CPU.Build.0 = Release|Any CPU
		{4386872E-1C11-4785-A64E-5200749FACA2}.Release|x64.ActiveCfg = Release|Any CPU
		{4386872E-1C11-4785-A64E-5200749FACA2}.Release|x64.Build.0 = Release|Any CPU
		{4386872E-1C11-4785-A64E-5200749FACA2}.Release|x86.ActiveCfg = Release|Any CPU
		{4386872E-1C11-4785-A64E-5200749FACA2}.Release|x86.Build.0 = Release|Any CPU
		{9424BBED-5308-435C-8E4B-F546A8C353A8}.Debug|Any CPU.ActiveCfg = Debug|Any CPU
		{9424BBED-5308-435C-8E4B-F546A8C353A8}.Debug|Any CPU.Build.0 = Debug|Any CPU
		{9424BBED-5308-435C-8E4B-F546A8C353A8}.Debug|x64.ActiveCfg = Debug|Any CPU
		{9424BBED-5308-435C-8E4B-F546A8C353A8}.Debug|x64.Build.0 = Debug|Any CPU
		{9424BBED-5308-435C-8E4B-F546A8C353A8}.Debug|x86.ActiveCfg = Debug|Any CPU
		{9424BBED-5308-435C-8E4B-F546A8C353A8}.Debug|x86.Build.0 = Debug|Any CPU
		{9424BBED-5308-435C-8E4B-F546A8C353A8}.Release|Any CPU.ActiveCfg = Release|Any CPU
		{9424BBED-5308-435C-8E4B-F546A8C353A8}.Release|Any CPU.Build.0 = Release|Any CPU
		{9424BBED-5308-435C-8E4B-F546A8C353A8}.Release|x64.ActiveCfg = Release|Any CPU
		{9424BBED-5308-435C-8E4B-F546A8C353A8}.Release|x64.Build.0 = Release|Any CPU
		{9424BBED-5308-435C-8E4B-F546A8C353A8}.Release|x86.ActiveCfg = Release|Any CPU
		{9424BBED-5308-435C-8E4B-F546A8C353A8}.Release|x86.Build.0 = Release|Any CPU
		{67F905C8-590A-4A33-A63B-9428933E4839}.Debug|Any CPU.ActiveCfg = Debug|Any CPU
		{67F905C8-590A-4A33-A63B-9428933E4839}.Debug|Any CPU.Build.0 = Debug|Any CPU
		{67F905C8-590A-4A33-A63B-9428933E4839}.Debug|x64.ActiveCfg = Debug|Any CPU
		{67F905C8-590A-4A33-A63B-9428933E4839}.Debug|x64.Build.0 = Debug|Any CPU
		{67F905C8-590A-4A33-A63B-9428933E4839}.Debug|x86.ActiveCfg = Debug|Any CPU
		{67F905C8-590A-4A33-A63B-9428933E4839}.Debug|x86.Build.0 = Debug|Any CPU
		{67F905C8-590A-4A33-A63B-9428933E4839}.Release|Any CPU.ActiveCfg = Release|Any CPU
		{67F905C8-590A-4A33-A63B-9428933E4839}.Release|Any CPU.Build.0 = Release|Any CPU
		{67F905C8-590A-4A33-A63B-9428933E4839}.Release|x64.ActiveCfg = Release|Any CPU
		{67F905C8-590A-4A33-A63B-9428933E4839}.Release|x64.Build.0 = Release|Any CPU
		{67F905C8-590A-4A33-A63B-9428933E4839}.Release|x86.ActiveCfg = Release|Any CPU
		{67F905C8-590A-4A33-A63B-9428933E4839}.Release|x86.Build.0 = Release|Any CPU
	EndGlobalSection
	GlobalSection(SolutionProperties) = preSolution
		HideSolutionNode = FALSE
	EndGlobalSection
	GlobalSection(NestedProjects) = preSolution
		{A2A16336-3C80-47EA-8787-099932D09561} = {827E0CD3-B72D-47B6-A68D-7590B98EB39B}
		{A2F220CA-899A-46FC-8F38-EA9B8FBFE2FF} = {0AB3BF05-4346-4AA6-1389-037BE0695223}
		{A83E856F-CF90-449A-903B-26D5681D9533} = {B36A84DF-456D-A817-6EDD-3EC3E7F6E11F}
		{15F9E0FC-8F4A-4C5F-AAEF-E8F220E7D641} = {B36A84DF-456D-A817-6EDD-3EC3E7F6E11F}
		{329925E3-5F83-4BC0-A158-FA09E1D78F89} = {B36A84DF-456D-A817-6EDD-3EC3E7F6E11F}
		{100CCD61-BAD5-486A-AB2B-68C5E184EC2C} = {B36A84DF-456D-A817-6EDD-3EC3E7F6E11F}
		{F8BA8091-4988-42A1-99C7-365F6197CDAE} = {B36A84DF-456D-A817-6EDD-3EC3E7F6E11F}
		{4386872E-1C11-4785-A64E-5200749FACA2} = {B36A84DF-456D-A817-6EDD-3EC3E7F6E11F}
		{9424BBED-5308-435C-8E4B-F546A8C353A8} = {B36A84DF-456D-A817-6EDD-3EC3E7F6E11F}
		{67F905C8-590A-4A33-A63B-9428933E4839} = {B36A84DF-456D-A817-6EDD-3EC3E7F6E11F}
	EndGlobalSection
EndGlobal
